<?xml version="1.0" encoding="utf-8"?>
<Project ToolsVersion="4.0" xmlns="http://schemas.microsoft.com/developer/msbuild/2003">
  <ItemGroup>
    <Filter Include="Source Files">
      <UniqueIdentifier>{4214522b-39d4-4b66-a904-ddfe2e9f649f}</UniqueIdentifier>
      <Extensions>cpp;c;cxx;rc;def;r;odl;hpj;bat;for;f90</Extensions>
    </Filter>
    <Filter Include="Header Files">
      <UniqueIdentifier>{2e20c8a8-9cf5-4e1a-9bd0-0a17e9a53de4}</UniqueIdentifier>
      <Extensions>h;hpp;hxx;hm;inl;fi;fd</Extensions>
    </Filter>
    <Filter Include="Resource Files">
      <UniqueIdentifier>{d08336fd-78d9-4737-9593-c1a8cda79e0d}</UniqueIdentifier>
      <Extensions>ico;cur;bmp;dlg;rc2;rct;bin;cnt;rtf;gif;jpg;jpeg;jpe</Extensions>
    </Filter>
  </ItemGroup>
  <ItemGroup>
    <ClCompile Include="CQueue_integrity_test.cpp">
      <Filter>Source Files</Filter>
    </ClCompile>
    <ClCompile Include="CQueue_stress_test.cpp">
      <Filter>Source Files</Filter>
    </ClCompile>
    <ClCompile Include="REPERR.CPP">
      <Filter>Source Files</Filter>
    </ClCompile>
    <ClCompile Include="TCLZFile.CPP">
      <Filter>Source Files</Filter>
    </ClCompile>
    <ClCompile Include="TCNet.CPP">
      <Filter>Source Files</Filter>
    </ClCompile>
    <ClCompile Include="TCNetCon.CPP">
      <Filter>Source Files</Filter>
    </ClCompile>
    <ClCompile Include="TCNetFil.CPP">
      <Filter>Source Files</Filter>
    </ClCompile>
    <ClCompile Include="TCNetshs.CPP">
      <Filter>Source Files</Filter>
    </ClCompile>
    <ClCompile Include="TCNetUSR.CPP">
      <Filter>Source Files</Filter>
    </ClCompile>
    <ClCompile Include="TCNSrc.cpp">
      <Filter>Source Files</Filter>
    </ClCompile>
    <ClCompile Include="TCRAS.CPP">
      <Filter>Source Files</Filter>
    </ClCompile>
    <ClCompile Include="TCREG.CPP">
      <Filter>Source Files</Filter>
    </ClCompile>
    <ClCompile Include="TCSess.CPP">
      <Filter>Source Files</Filter>
    </ClCompile>
    <ClCompile Include="TCSrvr.CPP">
      <Filter>Source Files</Filter>
    </ClCompile>
    <ClCompile Include="TCSvcMgr.CPP">
      <Filter>Source Files</Filter>
    </ClCompile>
    <ClCompile Include="TCTape.cpp">
      <Filter>Source Files</Filter>
    </ClCompile>
    <ClCompile Include="TEST.CPP">
      <Filter>Source Files</Filter>
    </ClCompile>
    <ClCompile Include="test_CBase64Coding.cpp">
      <Filter>Source Files</Filter>
    </ClCompile>
    <ClCompile Include="test_CBitArray.cpp">
      <Filter>Source Files</Filter>
    </ClCompile>
    <ClCompile Include="test_CDataParser.cpp">
      <Filter>Source Files</Filter>
    </ClCompile>
    <ClCompile Include="test_CFile64.cpp">
      <Filter>Source Files</Filter>
    </ClCompile>
    <ClCompile Include="test_CFileTransferProtocol.cpp">
      <Filter>Source Files</Filter>
    </ClCompile>
    <ClCompile Include="test_CJulianDate.cpp">
      <Filter>Source Files</Filter>
    </ClCompile>
    <ClCompile Include="test_CloseHandle.cpp">
      <Filter>Source Files</Filter>
    </ClCompile>
    <ClCompile Include="test_CNetwork.CPP">
      <Filter>Source Files</Filter>
    </ClCompile>
    <ClCompile Include="test_CQueue.cpp">
      <Filter>Source Files</Filter>
    </ClCompile>
    <ClCompile Include="test_CRandomNumberGenerator.cpp">
      <Filter>Source Files</Filter>
    </ClCompile>
    <ClCompile Include="test_CReedSolomonErrorCorrectionCode.cpp">
      <Filter>Source Files</Filter>
    </ClCompile>
    <ClCompile Include="test_CSerialFile.cpp">
      <Filter>Source Files</Filter>
    </ClCompile>
    <ClCompile Include="test_CSystemTime.cpp">
      <Filter>Source Files</Filter>
    </ClCompile>
    <ClCompile Include="test_CUUCoding.cpp">
      <Filter>Source Files</Filter>
    </ClCompile>
    <ClCompile Include="test_CWideString.cpp">
      <Filter>Source Files</Filter>
    </ClCompile>
    <ClCompile Include="test_CXMLDocument.cpp">
      <Filter>Source Files</Filter>
    </ClCompile>
    <ClCompile Include="test_wfc_protect.cpp">
      <Filter>Source Files</Filter>
    </ClCompile>
    <ClCompile Include="TEVNTLOG.CPP">
      <Filter>Source Files</Filter>
    </ClCompile>
    <ClCompile Include="TURL.CPP">
      <Filter>Source Files</Filter>
    </ClCompile>
    <ClCompile Include="test_is.cpp">
      <Filter>Source Files</Filter>
    </ClCompile>
    <ClCompile Include="PrecompiledHeader.cpp">
      <Filter>Source Files</Filter>
    </ClCompile>
    <ClCompile Include="test_process_list.cpp">
      <Filter>Source Files</Filter>
    </ClCompile>
    <ClCompile Include="test_find.cpp">
      <Filter>Source Files</Filter>
    </ClCompile>
  </ItemGroup>
  <ItemGroup>
    <ClInclude Include="TEST.H">
      <Filter>Header Files</Filter>
    </ClInclude>
  </ItemGroup>
</Project>