Microsoft Visual Studio Solution File, Format Version 8.00
Project("{8BC9CEB8-8B4A-11D0-8D11-00A0C91BC942}") = "ListProcesses", "ListProcesses.vcproj", "{5E305A06-19C9-4E7D-A403-6763087A5ED6}"
	ProjectSection(ProjectDependencies) = postProject
	EndProjectSection
EndProject
Global
	GlobalSection(SolutionConfiguration) = preSolution
		Debug = Debug
		Release = Release
	EndGlobalSection
	GlobalSection(ProjectConfiguration) = postSolution
		{5E305A06-19C9-4E7D-A403-6763087A5ED6}.Debug.ActiveCfg = Debug|Win32
		{5E305A06-19C9-4E7D-A403-6763087A5ED6}.Debug.Build.0 = Debug|Win32
		{5E305A06-19C9-4E7D-A403-6763087A5ED6}.Release.ActiveCfg = Release|Win32
		{5E305A06-19C9-4E7D-A403-6763087A5ED6}.Release.Build.0 = Release|Win32
	EndGlobalSection
	GlobalSection(ExtensibilityGlobals) = postSolution
	EndGlobalSection
	GlobalSection(ExtensibilityAddIns) = postSolution
	EndGlobalSection
EndGlobal
