Microsoft Visual Studio Solution File, Format Version 8.00
Project("{8BC9CEB8-8B4A-11D0-8D11-00A0C91BC942}") = "EventPager", "EventPager.vcproj", "{F2D22B7B-C578-47B1-AE09-A31DF59A8A45}"
	ProjectSection(ProjectDependencies) = postProject
	EndProjectSection
EndProject
Global
	GlobalSection(SolutionConfiguration) = preSolution
		Debug = Debug
		Release = Release
	EndGlobalSection
	GlobalSection(ProjectConfiguration) = postSolution
		{F2D22B7B-C578-47B1-AE09-A31DF59A8A45}.Debug.ActiveCfg = Debug|Win32
		{F2D22B7B-C578-47B1-AE09-A31DF59A8A45}.Debug.Build.0 = Debug|Win32
		{F2D22B7B-C578-47B1-AE09-A31DF59A8A45}.Release.ActiveCfg = Release|Win32
		{F2D22B7B-C578-47B1-AE09-A31DF59A8A45}.Release.Build.0 = Release|Win32
	EndGlobalSection
	GlobalSection(ExtensibilityGlobals) = postSolution
	EndGlobalSection
	GlobalSection(ExtensibilityAddIns) = postSolution
	EndGlobalSection
EndGlobal
