Microsoft Visual Studio Solution File, Format Version 8.00
Project("{8BC9CEB8-8B4A-11D0-8D11-00A0C91BC942}") = "Service", "Service.vcproj", "{DBF363F1-61C1-4E4C-AD15-ECAECCCAAF48}"
	ProjectSection(ProjectDependencies) = postProject
	EndProjectSection
EndProject
Global
	GlobalSection(SolutionConfiguration) = preSolution
		Debug = Debug
		Release = Release
		UnicodeDebug = UnicodeDebug
		UnicodeRelease = UnicodeRelease
	EndGlobalSection
	GlobalSection(ProjectConfiguration) = postSolution
		{DBF363F1-61C1-4E4C-AD15-ECAECCCAAF48}.Debug.ActiveCfg = Debug|Win32
		{DBF363F1-61C1-4E4C-AD15-ECAECCCAAF48}.Debug.Build.0 = Debug|Win32
		{DBF363F1-61C1-4E4C-AD15-ECAECCCAAF48}.Release.ActiveCfg = Release|Win32
		{DBF363F1-61C1-4E4C-AD15-ECAECCCAAF48}.Release.Build.0 = Release|Win32
		{DBF363F1-61C1-4E4C-AD15-ECAECCCAAF48}.UnicodeDebug.ActiveCfg = UnicodeDebug|Win32
		{DBF363F1-61C1-4E4C-AD15-ECAECCCAAF48}.UnicodeDebug.Build.0 = UnicodeDebug|Win32
		{DBF363F1-61C1-4E4C-AD15-ECAECCCAAF48}.UnicodeRelease.ActiveCfg = UnicodeRelease|Win32
		{DBF363F1-61C1-4E4C-AD15-ECAECCCAAF48}.UnicodeRelease.Build.0 = UnicodeRelease|Win32
	EndGlobalSection
	GlobalSection(ExtensibilityGlobals) = postSolution
	EndGlobalSection
	GlobalSection(ExtensibilityAddIns) = postSolution
	EndGlobalSection
EndGlobal
