Microsoft Visual Studio Solution File, Format Version 8.00
Project("{8BC9CEB8-8B4A-11D0-8D11-00A0C91BC942}") = "Serial", "Serial.vcproj", "{042D94E8-2534-49D4-A177-863D9479FC72}"
	ProjectSection(ProjectDependencies) = postProject
	EndProjectSection
EndProject
Global
	GlobalSection(SolutionConfiguration) = preSolution
		Debug = Debug
		Release = Release
	EndGlobalSection
	GlobalSection(ProjectConfiguration) = postSolution
		{042D94E8-2534-49D4-A177-863D9479FC72}.Debug.ActiveCfg = Debug|Win32
		{042D94E8-2534-49D4-A177-863D9479FC72}.Debug.Build.0 = Debug|Win32
		{042D94E8-2534-49D4-A177-863D9479FC72}.Release.ActiveCfg = Release|Win32
		{042D94E8-2534-49D4-A177-863D9479FC72}.Release.Build.0 = Release|Win32
	EndGlobalSection
	GlobalSection(ExtensibilityGlobals) = postSolution
	EndGlobalSection
	GlobalSection(ExtensibilityAddIns) = postSolution
	EndGlobalSection
EndGlobal
